// !$*UTF8*$!
{
	archiveVersion = 1;
	classes = {
	};
	objectVersion = 46;
	objects = {

/* Begin PBXBuildFile section */
		652AB9121C9F038D0077C6D9 /* NewReservationViewController.m in Sources */ = {isa = PBXBuildFile; fileRef = 652AB9101C9F038D0077C6D9 /* NewReservationViewController.m */; };
		652AB9131C9F038D0077C6D9 /* NewReservationViewController.xib in Resources */ = {isa = PBXBuildFile; fileRef = 652AB9111C9F038D0077C6D9 /* NewReservationViewController.xib */; };
		652AB91B1C9F2D540077C6D9 /* Localizable.strings in Resources */ = {isa = PBXBuildFile; fileRef = 652AB91D1C9F2D540077C6D9 /* Localizable.strings */; };
		652AB9221C9F52E20077C6D9 /* Utilities.m in Sources */ = {isa = PBXBuildFile; fileRef = 652AB9211C9F52E20077C6D9 /* Utilities.m */; };
		65D34AC81C9EF1F500EF4E3A /* main.m in Sources */ = {isa = PBXBuildFile; fileRef = 65D34AC71C9EF1F500EF4E3A /* main.m */; };
		65D34ACB1C9EF1F500EF4E3A /* AppDelegate.m in Sources */ = {isa = PBXBuildFile; fileRef = 65D34ACA1C9EF1F500EF4E3A /* AppDelegate.m */; };
		65D34AD41C9EF1F500EF4E3A /* ReataurantManagerApp.xcdatamodeld in Sources */ = {isa = PBXBuildFile; fileRef = 65D34AD21C9EF1F500EF4E3A /* ReataurantManagerApp.xcdatamodeld */; };
		65D34AD61C9EF1F500EF4E3A /* Assets.xcassets in Resources */ = {isa = PBXBuildFile; fileRef = 65D34AD51C9EF1F500EF4E3A /* Assets.xcassets */; };
		65D34AD91C9EF1F500EF4E3A /* LaunchScreen.storyboard in Resources */ = {isa = PBXBuildFile; fileRef = 65D34AD71C9EF1F500EF4E3A /* LaunchScreen.storyboard */; };
		65D34AE41C9EF27F00EF4E3A /* MainSelectionViewController.m in Sources */ = {isa = PBXBuildFile; fileRef = 65D34AE21C9EF27F00EF4E3A /* MainSelectionViewController.m */; };
		65D34AE51C9EF27F00EF4E3A /* MainSelectionViewController.xib in Resources */ = {isa = PBXBuildFile; fileRef = 65D34AE31C9EF27F00EF4E3A /* MainSelectionViewController.xib */; };
		65D34AEA1C9EF96700EF4E3A /* FunZoneLogo.png in Resources */ = {isa = PBXBuildFile; fileRef = 65D34AE81C9EF96700EF4E3A /* FunZoneLogo.png */; };
		65D34AEB1C9EF96700EF4E3A /* SportsZoneLogo.png in Resources */ = {isa = PBXBuildFile; fileRef = 65D34AE91C9EF96700EF4E3A /* SportsZoneLogo.png */; };
/* End PBXBuildFile section */

/* Begin PBXFileReference section */
		652AB90F1C9F038D0077C6D9 /* NewReservationViewController.h */ = {isa = PBXFileReference; fileEncoding = 4; lastKnownFileType = sourcecode.c.h; name = NewReservationViewController.h; path = ReservationView/ViewControllers/NewReservationViewController.h; sourceTree = "<group>"; };
		652AB9101C9F038D0077C6D9 /* NewReservationViewController.m */ = {isa = PBXFileReference; fileEncoding = 4; lastKnownFileType = sourcecode.c.objc; name = NewReservationViewController.m; path = ReservationView/ViewControllers/NewReservationViewController.m; sourceTree = "<group>"; };
		652AB9111C9F038D0077C6D9 /* NewReservationViewController.xib */ = {isa = PBXFileReference; fileEncoding = 4; lastKnownFileType = file.xib; name = NewReservationViewController.xib; path = ReservationView/ViewControllers/NewReservationViewController.xib; sourceTree = "<group>"; };
		652AB91C1C9F2D540077C6D9 /* en */ = {isa = PBXFileReference; lastKnownFileType = text.plist.strings; name = en; path = en.lproj/Localizable.strings; sourceTree = "<group>"; };
		652AB91F1C9F33880077C6D9 /* CommonMacros.h */ = {isa = PBXFileReference; lastKnownFileType = sourcecode.c.h; name = CommonMacros.h; path = Common/CommonMacros.h; sourceTree = "<group>"; };
		652AB9201C9F52E20077C6D9 /* Utilities.h */ = {isa = PBXFileReference; fileEncoding = 4; lastKnownFileType = sourcecode.c.h; name = Utilities.h; path = Common/Utilities.h; sourceTree = "<group>"; };
		652AB9211C9F52E20077C6D9 /* Utilities.m */ = {isa = PBXFileReference; fileEncoding = 4; lastKnownFileType = sourcecode.c.objc; name = Utilities.m; path = Common/Utilities.m; sourceTree = "<group>"; };
		65D34AC31C9EF1F500EF4E3A /* ReataurantManagerApp.app */ = {isa = PBXFileReference; explicitFileType = wrapper.application; includeInIndex = 0; path = ReataurantManagerApp.app; sourceTree = BUILT_PRODUCTS_DIR; };
		65D34AC71C9EF1F500EF4E3A /* main.m */ = {isa = PBXFileReference; lastKnownFileType = sourcecode.c.objc; path = main.m; sourceTree = "<group>"; };
		65D34AC91C9EF1F500EF4E3A /* AppDelegate.h */ = {isa = PBXFileReference; lastKnownFileType = sourcecode.c.h; path = AppDelegate.h; sourceTree = "<group>"; };
		65D34ACA1C9EF1F500EF4E3A /* AppDelegate.m */ = {isa = PBXFileReference; lastKnownFileType = sourcecode.c.objc; path = AppDelegate.m; sourceTree = "<group>"; };
		65D34AD31C9EF1F500EF4E3A /* ReataurantManagerApp.xcdatamodel */ = {isa = PBXFileReference; lastKnownFileType = wrapper.xcdatamodel; path = ReataurantManagerApp.xcdatamodel; sourceTree = "<group>"; };
		65D34AD51C9EF1F500EF4E3A /* Assets.xcassets */ = {isa = PBXFileReference; lastKnownFileType = folder.assetcatalog; path = Assets.xcassets; sourceTree = "<group>"; };
		65D34AD81C9EF1F500EF4E3A /* Base */ = {isa = PBXFileReference; lastKnownFileType = file.storyboard; name = Base; path = Base.lproj/LaunchScreen.storyboard; sourceTree = "<group>"; };
		65D34ADA1C9EF1F500EF4E3A /* Info.plist */ = {isa = PBXFileReference; lastKnownFileType = text.plist.xml; path = Info.plist; sourceTree = "<group>"; };
		65D34AE11C9EF27F00EF4E3A /* MainSelectionViewController.h */ = {isa = PBXFileReference; fileEncoding = 4; lastKnownFileType = sourcecode.c.h; name = MainSelectionViewController.h; path = MainSelectionView/MainSelectionViewController.h; sourceTree = "<group>"; };
		65D34AE21C9EF27F00EF4E3A /* MainSelectionViewController.m */ = {isa = PBXFileReference; fileEncoding = 4; lastKnownFileType = sourcecode.c.objc; name = MainSelectionViewController.m; path = MainSelectionView/MainSelectionViewController.m; sourceTree = "<group>"; };
		65D34AE31C9EF27F00EF4E3A /* MainSelectionViewController.xib */ = {isa = PBXFileReference; fileEncoding = 4; lastKnownFileType = file.xib; name = MainSelectionViewController.xib; path = MainSelectionView/MainSelectionViewController.xib; sourceTree = "<group>"; };
		65D34AE81C9EF96700EF4E3A /* FunZoneLogo.png */ = {isa = PBXFileReference; lastKnownFileType = image.png; name = FunZoneLogo.png; path = Images/Logos/FunZoneLogo.png; sourceTree = "<group>"; };
		65D34AE91C9EF96700EF4E3A /* SportsZoneLogo.png */ = {isa = PBXFileReference; lastKnownFileType = image.png; name = SportsZoneLogo.png; path = Images/Logos/SportsZoneLogo.png; sourceTree = "<group>"; };
/* End PBXFileReference section */

/* Begin PBXFrameworksBuildPhase section */
		65D34AC01C9EF1F500EF4E3A /* Frameworks */ = {
			isa = PBXFrameworksBuildPhase;
			buildActionMask = 2147483647;
			files = (
			);
			runOnlyForDeploymentPostprocessing = 0;
		};
/* End PBXFrameworksBuildPhase section */

/* Begin PBXGroup section */
		652AB90C1C9F02EF0077C6D9 /* ReservationView */ = {
			isa = PBXGroup;
			children = (
				652AB90D1C9F030F0077C6D9 /* ViewControllers */,
			);
			name = ReservationView;
			sourceTree = "<group>";
		};
		652AB90D1C9F030F0077C6D9 /* ViewControllers */ = {
			isa = PBXGroup;
			children = (
				652AB90F1C9F038D0077C6D9 /* NewReservationViewController.h */,
				652AB9101C9F038D0077C6D9 /* NewReservationViewController.m */,
				652AB9111C9F038D0077C6D9 /* NewReservationViewController.xib */,
			);
			name = ViewControllers;
			sourceTree = "<group>";
		};
		652AB9141C9F2B6D0077C6D9 /* LocalizableStrings */ = {
			isa = PBXGroup;
			children = (
				652AB91D1C9F2D540077C6D9 /* Localizable.strings */,
			);
			name = LocalizableStrings;
			sourceTree = "<group>";
		};
		652AB91E1C9F33580077C6D9 /* Common */ = {
			isa = PBXGroup;
			children = (
				652AB91F1C9F33880077C6D9 /* CommonMacros.h */,
				652AB9201C9F52E20077C6D9 /* Utilities.h */,
				652AB9211C9F52E20077C6D9 /* Utilities.m */,
			);
			name = Common;
			sourceTree = "<group>";
		};
		65D34ABA1C9EF1F500EF4E3A = {
			isa = PBXGroup;
			children = (
				65D34AC51C9EF1F500EF4E3A /* ReataurantManagerApp */,
				65D34AC41C9EF1F500EF4E3A /* Products */,
			);
			sourceTree = "<group>";
		};
		65D34AC41C9EF1F500EF4E3A /* Products */ = {
			isa = PBXGroup;
			children = (
				65D34AC31C9EF1F500EF4E3A /* ReataurantManagerApp.app */,
			);
			name = Products;
			sourceTree = "<group>";
		};
		65D34AC51C9EF1F500EF4E3A /* ReataurantManagerApp */ = {
			isa = PBXGroup;
			children = (
				652AB91E1C9F33580077C6D9 /* Common */,
				652AB9141C9F2B6D0077C6D9 /* LocalizableStrings */,
				652AB90C1C9F02EF0077C6D9 /* ReservationView */,
				65D34AE61C9EF94C00EF4E3A /* Images */,
				65D34AE01C9EF24D00EF4E3A /* MainSelectionView */,
				65D34AC91C9EF1F500EF4E3A /* AppDelegate.h */,
				65D34ACA1C9EF1F500EF4E3A /* AppDelegate.m */,
				65D34AD51C9EF1F500EF4E3A /* Assets.xcassets */,
				65D34AD71C9EF1F500EF4E3A /* LaunchScreen.storyboard */,
				65D34ADA1C9EF1F500EF4E3A /* Info.plist */,
				65D34AD21C9EF1F500EF4E3A /* ReataurantManagerApp.xcdatamodeld */,
				65D34AC61C9EF1F500EF4E3A /* Supporting Files */,
			);
			path = ReataurantManagerApp;
			sourceTree = "<group>";
		};
		65D34AC61C9EF1F500EF4E3A /* Supporting Files */ = {
			isa = PBXGroup;
			children = (
				65D34AC71C9EF1F500EF4E3A /* main.m */,
			);
			name = "Supporting Files";
			sourceTree = "<group>";
		};
		65D34AE01C9EF24D00EF4E3A /* MainSelectionView */ = {
			isa = PBXGroup;
			children = (
				65D34AE11C9EF27F00EF4E3A /* MainSelectionViewController.h */,
				65D34AE21C9EF27F00EF4E3A /* MainSelectionViewController.m */,
				65D34AE31C9EF27F00EF4E3A /* MainSelectionViewController.xib */,
			);
			name = MainSelectionView;
			sourceTree = "<group>";
		};
		65D34AE61C9EF94C00EF4E3A /* Images */ = {
			isa = PBXGroup;
			children = (
				65D34AE71C9EF95500EF4E3A /* Logos */,
			);
			name = Images;
			sourceTree = "<group>";
		};
		65D34AE71C9EF95500EF4E3A /* Logos */ = {
			isa = PBXGroup;
			children = (
				65D34AE81C9EF96700EF4E3A /* FunZoneLogo.png */,
				65D34AE91C9EF96700EF4E3A /* SportsZoneLogo.png */,
			);
			name = Logos;
			sourceTree = "<group>";
		};
/* End PBXGroup section */

/* Begin PBXNativeTarget section */
		65D34AC21C9EF1F500EF4E3A /* ReataurantManagerApp */ = {
			isa = PBXNativeTarget;
			buildConfigurationList = 65D34ADD1C9EF1F500EF4E3A /* Build configuration list for PBXNativeTarget "ReataurantManagerApp" */;
			buildPhases = (
				65D34ABF1C9EF1F500EF4E3A /* Sources */,
				65D34AC01C9EF1F500EF4E3A /* Frameworks */,
				65D34AC11C9EF1F500EF4E3A /* Resources */,
			);
			buildRules = (
			);
			dependencies = (
			);
			name = ReataurantManagerApp;
			productName = ReataurantManagerApp;
			productReference = 65D34AC31C9EF1F500EF4E3A /* ReataurantManagerApp.app */;
			productType = "com.apple.product-type.application";
		};
/* End PBXNativeTarget section */

/* Begin PBXProject section */
		65D34ABB1C9EF1F500EF4E3A /* Project object */ = {
			isa = PBXProject;
			attributes = {
				LastUpgradeCheck = 0720;
				ORGANIZATIONNAME = "Roy Rhayem";
				TargetAttributes = {
					65D34AC21C9EF1F500EF4E3A = {
						CreatedOnToolsVersion = 7.2.1;
					};
				};
			};
			buildConfigurationList = 65D34ABE1C9EF1F500EF4E3A /* Build configuration list for PBXProject "ReataurantManagerApp" */;
			compatibilityVersion = "Xcode 3.2";
			developmentRegion = English;
			hasScannedForEncodings = 0;
			knownRegions = (
				en,
				Base,
			);
			mainGroup = 65D34ABA1C9EF1F500EF4E3A;
			productRefGroup = 65D34AC41C9EF1F500EF4E3A /* Products */;
			projectDirPath = "";
			projectRoot = "";
			targets = (
				65D34AC21C9EF1F500EF4E3A /* ReataurantManagerApp */,
			);
		};
/* End PBXProject section */

/* Begin PBXResourcesBuildPhase section */
		65D34AC11C9EF1F500EF4E3A /* Resources */ = {
			isa = PBXResourcesBuildPhase;
			buildActionMask = 2147483647;
			files = (
				652AB9131C9F038D0077C6D9 /* NewReservationViewController.xib in Resources */,
				65D34AEA1C9EF96700EF4E3A /* FunZoneLogo.png in Resources */,
				65D34AEB1C9EF96700EF4E3A /* SportsZoneLogo.png in Resources */,
				652AB91B1C9F2D540077C6D9 /* Localizable.strings in Resources */,
				65D34AD91C9EF1F500EF4E3A /* LaunchScreen.storyboard in Resources */,
				65D34AD61C9EF1F500EF4E3A /* Assets.xcassets in Resources */,
				65D34AE51C9EF27F00EF4E3A /* MainSelectionViewController.xib in Resources */,
			);
			runOnlyForDeploymentPostprocessing = 0;
		};
/* End PBXResourcesBuildPhase section */

/* Begin PBXSourcesBuildPhase section */
		65D34ABF1C9EF1F500EF4E3A /* Sources */ = {
			isa = PBXSourcesBuildPhase;
			buildActionMask = 2147483647;
			files = (
				652AB9221C9F52E20077C6D9 /* Utilities.m in Sources */,
				65D34AD41C9EF1F500EF4E3A /* ReataurantManagerApp.xcdatamodeld in Sources */,
				65D34AE41C9EF27F00EF4E3A /* MainSelectionViewController.m in Sources */,
				65D34ACB1C9EF1F500EF4E3A /* AppDelegate.m in Sources */,
				65D34AC81C9EF1F500EF4E3A /* main.m in Sources */,
				652AB9121C9F038D0077C6D9 /* NewReservationViewController.m in Sources */,
			);
			runOnlyForDeploymentPostprocessing = 0;
		};
/* End PBXSourcesBuildPhase section */

/* Begin PBXVariantGroup section */
		652AB91D1C9F2D540077C6D9 /* Localizable.strings */ = {
			isa = PBXVariantGroup;
			children = (
				652AB91C1C9F2D540077C6D9 /* en */,
			);
			name = Localizable.strings;
			path = LocalizableStrings;
			sourceTree = "<group>";
		};
		65D34AD71C9EF1F500EF4E3A /* LaunchScreen.storyboard */ = {
			isa = PBXVariantGroup;
			children = (
				65D34AD81C9EF1F500EF4E3A /* Base */,
			);
			name = LaunchScreen.storyboard;
			sourceTree = "<group>";
		};
/* End PBXVariantGroup section */

/* Begin XCBuildConfiguration section */
		65D34ADB1C9EF1F500EF4E3A /* Debug */ = {
			isa = XCBuildConfiguration;
			buildSettings = {
				ALWAYS_SEARCH_USER_PATHS = NO;
				CLANG_CXX_LANGUAGE_STANDARD = "gnu++0x";
				CLANG_CXX_LIBRARY = "libc++";
				CLANG_ENABLE_MODULES = YES;
				CLANG_ENABLE_OBJC_ARC = YES;
				CLANG_WARN_BOOL_CONVERSION = YES;
				CLANG_WARN_CONSTANT_CONVERSION = YES;
				CLANG_WARN_DIRECT_OBJC_ISA_USAGE = YES_ERROR;
				CLANG_WARN_EMPTY_BODY = YES;
				CLANG_WARN_ENUM_CONVERSION = YES;
				CLANG_WARN_INT_CONVERSION = YES;
				CLANG_WARN_OBJC_ROOT_CLASS = YES_ERROR;
				CLANG_WARN_UNREACHABLE_CODE = YES;
				CLANG_WARN__DUPLICATE_METHOD_MATCH = YES;
				"CODE_SIGN_IDENTITY[sdk=iphoneos*]" = "iPhone Developer";
				COPY_PHASE_STRIP = NO;
				DEBUG_INFORMATION_FORMAT = dwarf;
				ENABLE_STRICT_OBJC_MSGSEND = YES;
				ENABLE_TESTABILITY = YES;
				GCC_C_LANGUAGE_STANDARD = gnu99;
				GCC_DYNAMIC_NO_PIC = NO;
				GCC_NO_COMMON_BLOCKS = YES;
				GCC_OPTIMIZATION_LEVEL = 0;
				GCC_PREPROCESSOR_DEFINITIONS = (
					"DEBUG=1",
					"$(inherited)",
				);
				GCC_WARN_64_TO_32_BIT_CONVERSION = YES;
				GCC_WARN_ABOUT_RETURN_TYPE = YES_ERROR;
				GCC_WARN_UNDECLARED_SELECTOR = YES;
				GCC_WARN_UNINITIALIZED_AUTOS = YES_AGGRESSIVE;
				GCC_WARN_UNUSED_FUNCTION = YES;
				GCC_WARN_UNUSED_VARIABLE = YES;
				IPHONEOS_DEPLOYMENT_TARGET = 9.2;
				MTL_ENABLE_DEBUG_INFO = YES;
				ONLY_ACTIVE_ARCH = YES;
				SDKROOT = iphoneos;
				TARGETED_DEVICE_FAMILY = "1,2";
			};
			name = Debug;
		};
		65D34ADC1C9EF1F500EF4E3A /* Release */ = {
			isa = XCBuildConfiguration;
			buildSettings = {
				ALWAYS_SEARCH_USER_PATHS = NO;
				CLANG_CXX_LANGUAGE_STANDARD = "gnu++0x";
				CLANG_CXX_LIBRARY = "libc++";
				CLANG_ENABLE_MODULES = YES;
				CLANG_ENABLE_OBJC_ARC = YES;
				CLANG_WARN_BOOL_CONVERSION = YES;
				CLANG_WARN_CONSTANT_CONVERSION = YES;
				CLANG_WARN_DIRECT_OBJC_ISA_USAGE = YES_ERROR;
				CLANG_WARN_EMPTY_BODY = YES;
				CLANG_WARN_ENUM_CONVERSION = YES;
				CLANG_WARN_INT_CONVERSION = YES;
				CLANG_WARN_OBJC_ROOT_CLASS = YES_ERROR;
				CLANG_WARN_UNREACHABLE_CODE = YES;
				CLANG_WARN__DUPLICATE_METHOD_MATCH = YES;
				"CODE_SIGN_IDENTITY[sdk=iphoneos*]" = "iPhone Developer";
				COPY_PHASE_STRIP = NO;
				DEBUG_INFORMATION_FORMAT = "dwarf-with-dsym";
				ENABLE_NS_ASSERTIONS = NO;
				ENABLE_STRICT_OBJC_MSGSEND = YES;
				GCC_C_LANGUAGE_STANDARD = gnu99;
				GCC_NO_COMMON_BLOCKS = YES;
				GCC_WARN_64_TO_32_BIT_CONVERSION = YES;
				GCC_WARN_ABOUT_RETURN_TYPE = YES_ERROR;
				GCC_WARN_UNDECLARED_SELECTOR = YES;
				GCC_WARN_UNINITIALIZED_AUTOS = YES_AGGRESSIVE;
				GCC_WARN_UNUSED_FUNCTION = YES;
				GCC_WARN_UNUSED_VARIABLE = YES;
				IPHONEOS_DEPLOYMENT_TARGET = 9.2;
				MTL_ENABLE_DEBUG_INFO = NO;
				SDKROOT = iphoneos;
				TARGETED_DEVICE_FAMILY = "1,2";
				VALIDATE_PRODUCT = YES;
			};
			name = Release;
		};
		65D34ADE1C9EF1F500EF4E3A /* Debug */ = {
			isa = XCBuildConfiguration;
			buildSettings = {
				ASSETCATALOG_COMPILER_APPICON_NAME = AppIcon;
				INFOPLIST_FILE = ReataurantManagerApp/Info.plist;
				IPHONEOS_DEPLOYMENT_TARGET = 7.0;
				LD_RUNPATH_SEARCH_PATHS = "$(inherited) @executable_path/Frameworks";
				PRODUCT_BUNDLE_IDENTIFIER = test.ReataurantManagerApp;
				PRODUCT_NAME = "$(TARGET_NAME)";
			};
			name = Debug;
		};
		65D34ADF1C9EF1F500EF4E3A /* Release */ = {
			isa = XCBuildConfiguration;
			buildSettings = {
				ASSETCATALOG_COMPILER_APPICON_NAME = AppIcon;
				INFOPLIST_FILE = ReataurantManagerApp/Info.plist;
				IPHONEOS_DEPLOYMENT_TARGET = 7.0;
				LD_RUNPATH_SEARCH_PATHS = "$(inherited) @executable_path/Frameworks";
				PRODUCT_BUNDLE_IDENTIFIER = test.ReataurantManagerApp;
				PRODUCT_NAME = "$(TARGET_NAME)";
			};
			name = Release;
		};
/* End XCBuildConfiguration section */

/* Begin XCConfigurationList section */
		65D34ABE1C9EF1F500EF4E3A /* Build configuration list for PBXProject "ReataurantManagerApp" */ = {
			isa = XCConfigurationList;
			buildConfigurations = (
				65D34ADB1C9EF1F500EF4E3A /* Debug */,
				65D34ADC1C9EF1F500EF4E3A /* Release */,
			);
			defaultConfigurationIsVisible = 0;
			defaultConfigurationName = Release;
		};
		65D34ADD1C9EF1F500EF4E3A /* Build configuration list for PBXNativeTarget "ReataurantManagerApp" */ = {
			isa = XCConfigurationList;
			buildConfigurations = (
				65D34ADE1C9EF1F500EF4E3A /* Debug */,
				65D34ADF1C9EF1F500EF4E3A /* Release */,
			);
			defaultConfigurationIsVisible = 0;
			defaultConfigurationName = Release;
		};
/* End XCConfigurationList section */

/* Begin XCVersionGroup section */
		65D34AD21C9EF1F500EF4E3A /* ReataurantManagerApp.xcdatamodeld */ = {
			isa = XCVersionGroup;
			children = (
				65D34AD31C9EF1F500EF4E3A /* ReataurantManagerApp.xcdatamodel */,
			);
			currentVersion = 65D34AD31C9EF1F500EF4E3A /* ReataurantManagerApp.xcdatamodel */;
			path = ReataurantManagerApp.xcdatamodeld;
			sourceTree = "<group>";
			versionGroupType = wrapper.xcdatamodel;
		};
/* End XCVersionGroup section */
	};
	rootObject = 65D34ABB1C9EF1F500EF4E3A /* Project object */;
}
